
Microsoft Visual Studio Solution File, Format Version 12.00
# Visual Studio Version 16
VisualStudioVersion = 16.0.30002.166
MinimumVisualStudioVersion = 10.0.40219.1
Project("{FAE04EC0-301F-11D3-BF4B-00C04F79EFBC}") = "CommunityPatchPartySizeCompabilityPatch", "CommunityPatchPartySizeCompabilityPatch\CommunityPatchPartySizeCompabilityPatch.csproj", "{C6C36682-2399-4F9C-90CF-0A5B37C359F0}"
EndProject
Global
	GlobalSection(SolutionConfigurationPlatforms) = preSolution
		Debug|Any CPU = Debug|Any CPU
		Release|Any CPU = Release|Any CPU
	EndGlobalSection
	GlobalSection(ProjectConfigurationPlatforms) = postSolution
		{C6C36682-2399-4F9C-90CF-0A5B37C359F0}.Debug|Any CPU.ActiveCfg = Debug|Any CPU
		{C6C36682-2399-4F9C-90CF-0A5B37C359F0}.Debug|Any CPU.Build.0 = Debug|Any CPU
		{C6C36682-2399-4F9C-90CF-0A5B37C359F0}.Release|Any CPU.ActiveCfg = Release|Any CPU
		{C6C36682-2399-4F9C-90CF-0A5B37C359F0}.Release|Any CPU.Build.0 = Release|Any CPU
	EndGlobalSection
	GlobalSection(SolutionProperties) = preSolution
		HideSolutionNode = FALSE
	EndGlobalSection
	GlobalSection(ExtensibilityGlobals) = postSolution
		SolutionGuid = {D8929377-42EE-4FB8-9BAA-2625C7CE6782}
	EndGlobalSection
EndGlobal
